
Microsoft Visual Studio Solution File, Format Version 12.00
# Visual Studio Version 16
VisualStudioVersion = 16.0.31112.23
MinimumVisualStudioVersion = 10.0.40219.1
Project("{9A19103F-16F7-4668-BE54-9A1E7A4F7556}") = "Layers.WebApi", "CqrsPractice\Layers.WebApi.csproj", "{EF6E5B42-3841-4D20-96DC-27EDE9315081}"
EndProject
Project("{2150E333-8FDC-42A3-9474-1A3956D46DE8}") = "Layers", "Layers", "{6865A491-60E5-49D9-B1D1-75CFECDBE5C7}"
EndProject
Project("{9A19103F-16F7-4668-BE54-9A1E7A4F7556}") = "Entities", "Entities\Entities.csproj", "{A6179EDA-7426-4C07-AC74-5B1D9C594FCF}"
EndProject
Project("{9A19103F-16F7-4668-BE54-9A1E7A4F7556}") = "Infrastructure.Interfaces", "Infrastructure.Interfaces\Infrastructure.Interfaces.csproj", "{0B5310D6-73D8-43C4-A3FB-B51034B8D506}"
EndProject
Project("{9A19103F-16F7-4668-BE54-9A1E7A4F7556}") = "ApplicationServices.Interfaces", "ApplicationServices.Interfaces\ApplicationServices.Interfaces.csproj", "{0488758D-1032-4759-9946-976D1770D21C}"
EndProject
Project("{9A19103F-16F7-4668-BE54-9A1E7A4F7556}") = "DataAccess.Mssql", "DataAccess.Mssql\DataAccess.Mssql.csproj", "{9498766F-1AFF-4C58-A1B3-5D8B0942954D}"
EndProject
Project("{2150E333-8FDC-42A3-9474-1A3956D46DE8}") = "Handlers", "Handlers", "{1B5C045C-6767-4706-86C2-6DDAF7ADFCB0}"
EndProject
Project("{9A19103F-16F7-4668-BE54-9A1E7A4F7556}") = "Handlers.Entities", "Handlers.Entities\Handlers.Entities.csproj", "{AD7632F5-826C-4EAB-AA13-49087FFFA694}"
EndProject
Project("{9A19103F-16F7-4668-BE54-9A1E7A4F7556}") = "Handlers.Infrastructure.Interfaces", "Handlers.Infrastructure.Interfaces\Handlers.Infrastructure.Interfaces.csproj", "{9E0A2ACE-2A64-40DE-96C0-B6F94B893735}"
EndProject
Project("{9A19103F-16F7-4668-BE54-9A1E7A4F7556}") = "Handlers.UseCases", "Handlers.UseCases\Handlers.UseCases.csproj", "{48125151-1934-41B0-97C7-1D2163FC2C60}"
EndProject
Project("{9A19103F-16F7-4668-BE54-9A1E7A4F7556}") = "Handlers.DataAccess.MsSql", "Handlers.DataAccess.MsSql\Handlers.DataAccess.MsSql.csproj", "{6B99D4D0-2DC7-40EA-B494-BFC25E1BBA03}"
EndProject
Project("{9A19103F-16F7-4668-BE54-9A1E7A4F7556}") = "Handlers.WebApi", "Handlers.WebApi\Handlers.WebApi.csproj", "{7254CF39-6662-4E6A-BC7C-A1E19F68F01F}"
EndProject
Project("{9A19103F-16F7-4668-BE54-9A1E7A4F7556}") = "Handlers.CqrsFramework", "Handlers.CqrsFramework\Handlers.CqrsFramework.csproj", "{D516CE28-921E-4600-B084-535C64A579D9}"
EndProject
Project("{9A19103F-16F7-4668-BE54-9A1E7A4F7556}") = "Handlers.ApplicationServices.Interfaces", "Handlers.ApplicationServices.Interfaces\Handlers.ApplicationServices.Interfaces.csproj", "{FE362BC1-805A-48FC-8344-E0EA15E622DB}"
EndProject
Project("{9A19103F-16F7-4668-BE54-9A1E7A4F7556}") = "Handlers.ApplicationServices.Implementation", "Handlers.ApplicationServices.Implementation\Handlers.ApplicationServices.Implementation.csproj", "{CDDFB72B-DDEE-4DF2-B050-4744E7919304}"
EndProject
Project("{9A19103F-16F7-4668-BE54-9A1E7A4F7556}") = "ApplicationServices.Implementation", "ApplicationServices.Implementation\ApplicationServices.Implementation.csproj", "{2864F5EC-3CE2-4A57-BE28-C33F862C710E}"
EndProject
Project("{2150E333-8FDC-42A3-9474-1A3956D46DE8}") = "CommandQueries", "CommandQueries", "{9E6CF953-A3CE-4BD3-8902-48F830C20AA3}"
EndProject
Project("{FAE04EC0-301F-11D3-BF4B-00C04F79EFBC}") = "CQ.ApplicationServices.Implementation", "CQ.ApplicationServices.Implementation\CQ.ApplicationServices.Implementation.csproj", "{281E13CF-8A3E-459B-B430-A8FF35C30871}"
EndProject
Project("{FAE04EC0-301F-11D3-BF4B-00C04F79EFBC}") = "CQ.ApplicationServices.Interfaces", "CQ.ApplicationServices.Interfaces\CQ.ApplicationServices.Interfaces.csproj", "{53231AEE-BEF3-443A-A9D1-FEDF5D3FE563}"
EndProject
Project("{FAE04EC0-301F-11D3-BF4B-00C04F79EFBC}") = "CQ.CqrsFramework", "CQ.CqrsFramework\CQ.CqrsFramework.csproj", "{87149EE2-3500-490A-8027-DBEF6CD09829}"
EndProject
Project("{FAE04EC0-301F-11D3-BF4B-00C04F79EFBC}") = "CQ.DataAccess.MsSql", "CQ.DataAccess.MsSql\CQ.DataAccess.MsSql.csproj", "{DC303309-2EA5-44DA-AAD3-B7F5B92458E5}"
EndProject
Project("{FAE04EC0-301F-11D3-BF4B-00C04F79EFBC}") = "CQ.Entities", "CQ.Entities\CQ.Entities.csproj", "{A6380D91-3FB7-4DE7-965C-47EE5E98D0C3}"
EndProject
Project("{FAE04EC0-301F-11D3-BF4B-00C04F79EFBC}") = "CQ.Infrastructure.Interfaces", "CQ.Infrastructure.Interfaces\CQ.Infrastructure.Interfaces.csproj", "{57EFA6C6-AAAA-4481-887F-85CCACC92A97}"
EndProject
Project("{FAE04EC0-301F-11D3-BF4B-00C04F79EFBC}") = "CQ.UseCases", "CQ.UseCases\CQ.UseCases.csproj", "{747E42F4-F1FB-4B80-92B1-01405FC2E06F}"
EndProject
Project("{FAE04EC0-301F-11D3-BF4B-00C04F79EFBC}") = "CQ.WebApi", "CQ.WebApi\CQ.WebApi.csproj", "{1941BB06-8B59-48EB-AC03-CA976BCF74AB}"
EndProject
Global
	GlobalSection(SolutionConfigurationPlatforms) = preSolution
		Debug|Any CPU = Debug|Any CPU
		Release|Any CPU = Release|Any CPU
	EndGlobalSection
	GlobalSection(ProjectConfigurationPlatforms) = postSolution
		{EF6E5B42-3841-4D20-96DC-27EDE9315081}.Debug|Any CPU.ActiveCfg = Debug|Any CPU
		{EF6E5B42-3841-4D20-96DC-27EDE9315081}.Debug|Any CPU.Build.0 = Debug|Any CPU
		{EF6E5B42-3841-4D20-96DC-27EDE9315081}.Release|Any CPU.ActiveCfg = Release|Any CPU
		{EF6E5B42-3841-4D20-96DC-27EDE9315081}.Release|Any CPU.Build.0 = Release|Any CPU
		{A6179EDA-7426-4C07-AC74-5B1D9C594FCF}.Debug|Any CPU.ActiveCfg = Debug|Any CPU
		{A6179EDA-7426-4C07-AC74-5B1D9C594FCF}.Debug|Any CPU.Build.0 = Debug|Any CPU
		{A6179EDA-7426-4C07-AC74-5B1D9C594FCF}.Release|Any CPU.ActiveCfg = Release|Any CPU
		{A6179EDA-7426-4C07-AC74-5B1D9C594FCF}.Release|Any CPU.Build.0 = Release|Any CPU
		{0B5310D6-73D8-43C4-A3FB-B51034B8D506}.Debug|Any CPU.ActiveCfg = Debug|Any CPU
		{0B5310D6-73D8-43C4-A3FB-B51034B8D506}.Debug|Any CPU.Build.0 = Debug|Any CPU
		{0B5310D6-73D8-43C4-A3FB-B51034B8D506}.Release|Any CPU.ActiveCfg = Release|Any CPU
		{0B5310D6-73D8-43C4-A3FB-B51034B8D506}.Release|Any CPU.Build.0 = Release|Any CPU
		{0488758D-1032-4759-9946-976D1770D21C}.Debug|Any CPU.ActiveCfg = Debug|Any CPU
		{0488758D-1032-4759-9946-976D1770D21C}.Debug|Any CPU.Build.0 = Debug|Any CPU
		{0488758D-1032-4759-9946-976D1770D21C}.Release|Any CPU.ActiveCfg = Release|Any CPU
		{0488758D-1032-4759-9946-976D1770D21C}.Release|Any CPU.Build.0 = Release|Any CPU
		{9498766F-1AFF-4C58-A1B3-5D8B0942954D}.Debug|Any CPU.ActiveCfg = Debug|Any CPU
		{9498766F-1AFF-4C58-A1B3-5D8B0942954D}.Debug|Any CPU.Build.0 = Debug|Any CPU
		{9498766F-1AFF-4C58-A1B3-5D8B0942954D}.Release|Any CPU.ActiveCfg = Release|Any CPU
		{9498766F-1AFF-4C58-A1B3-5D8B0942954D}.Release|Any CPU.Build.0 = Release|Any CPU
		{AD7632F5-826C-4EAB-AA13-49087FFFA694}.Debug|Any CPU.ActiveCfg = Debug|Any CPU
		{AD7632F5-826C-4EAB-AA13-49087FFFA694}.Debug|Any CPU.Build.0 = Debug|Any CPU
		{AD7632F5-826C-4EAB-AA13-49087FFFA694}.Release|Any CPU.ActiveCfg = Release|Any CPU
		{AD7632F5-826C-4EAB-AA13-49087FFFA694}.Release|Any CPU.Build.0 = Release|Any CPU
		{9E0A2ACE-2A64-40DE-96C0-B6F94B893735}.Debug|Any CPU.ActiveCfg = Debug|Any CPU
		{9E0A2ACE-2A64-40DE-96C0-B6F94B893735}.Debug|Any CPU.Build.0 = Debug|Any CPU
		{9E0A2ACE-2A64-40DE-96C0-B6F94B893735}.Release|Any CPU.ActiveCfg = Release|Any CPU
		{9E0A2ACE-2A64-40DE-96C0-B6F94B893735}.Release|Any CPU.Build.0 = Release|Any CPU
		{48125151-1934-41B0-97C7-1D2163FC2C60}.Debug|Any CPU.ActiveCfg = Debug|Any CPU
		{48125151-1934-41B0-97C7-1D2163FC2C60}.Debug|Any CPU.Build.0 = Debug|Any CPU
		{48125151-1934-41B0-97C7-1D2163FC2C60}.Release|Any CPU.ActiveCfg = Release|Any CPU
		{48125151-1934-41B0-97C7-1D2163FC2C60}.Release|Any CPU.Build.0 = Release|Any CPU
		{6B99D4D0-2DC7-40EA-B494-BFC25E1BBA03}.Debug|Any CPU.ActiveCfg = Debug|Any CPU
		{6B99D4D0-2DC7-40EA-B494-BFC25E1BBA03}.Debug|Any CPU.Build.0 = Debug|Any CPU
		{6B99D4D0-2DC7-40EA-B494-BFC25E1BBA03}.Release|Any CPU.ActiveCfg = Release|Any CPU
		{6B99D4D0-2DC7-40EA-B494-BFC25E1BBA03}.Release|Any CPU.Build.0 = Release|Any CPU
		{7254CF39-6662-4E6A-BC7C-A1E19F68F01F}.Debug|Any CPU.ActiveCfg = Debug|Any CPU
		{7254CF39-6662-4E6A-BC7C-A1E19F68F01F}.Debug|Any CPU.Build.0 = Debug|Any CPU
		{7254CF39-6662-4E6A-BC7C-A1E19F68F01F}.Release|Any CPU.ActiveCfg = Release|Any CPU
		{7254CF39-6662-4E6A-BC7C-A1E19F68F01F}.Release|Any CPU.Build.0 = Release|Any CPU
		{D516CE28-921E-4600-B084-535C64A579D9}.Debug|Any CPU.ActiveCfg = Debug|Any CPU
		{D516CE28-921E-4600-B084-535C64A579D9}.Debug|Any CPU.Build.0 = Debug|Any CPU
		{D516CE28-921E-4600-B084-535C64A579D9}.Release|Any CPU.ActiveCfg = Release|Any CPU
		{D516CE28-921E-4600-B084-535C64A579D9}.Release|Any CPU.Build.0 = Release|Any CPU
		{FE362BC1-805A-48FC-8344-E0EA15E622DB}.Debug|Any CPU.ActiveCfg = Debug|Any CPU
		{FE362BC1-805A-48FC-8344-E0EA15E622DB}.Debug|Any CPU.Build.0 = Debug|Any CPU
		{FE362BC1-805A-48FC-8344-E0EA15E622DB}.Release|Any CPU.ActiveCfg = Release|Any CPU
		{FE362BC1-805A-48FC-8344-E0EA15E622DB}.Release|Any CPU.Build.0 = Release|Any CPU
		{CDDFB72B-DDEE-4DF2-B050-4744E7919304}.Debug|Any CPU.ActiveCfg = Debug|Any CPU
		{CDDFB72B-DDEE-4DF2-B050-4744E7919304}.Debug|Any CPU.Build.0 = Debug|Any CPU
		{CDDFB72B-DDEE-4DF2-B050-4744E7919304}.Release|Any CPU.ActiveCfg = Release|Any CPU
		{CDDFB72B-DDEE-4DF2-B050-4744E7919304}.Release|Any CPU.Build.0 = Release|Any CPU
		{2864F5EC-3CE2-4A57-BE28-C33F862C710E}.Debug|Any CPU.ActiveCfg = Debug|Any CPU
		{2864F5EC-3CE2-4A57-BE28-C33F862C710E}.Debug|Any CPU.Build.0 = Debug|Any CPU
		{2864F5EC-3CE2-4A57-BE28-C33F862C710E}.Release|Any CPU.ActiveCfg = Release|Any CPU
		{2864F5EC-3CE2-4A57-BE28-C33F862C710E}.Release|Any CPU.Build.0 = Release|Any CPU
		{281E13CF-8A3E-459B-B430-A8FF35C30871}.Debug|Any CPU.ActiveCfg = Debug|Any CPU
		{281E13CF-8A3E-459B-B430-A8FF35C30871}.Debug|Any CPU.Build.0 = Debug|Any CPU
		{281E13CF-8A3E-459B-B430-A8FF35C30871}.Release|Any CPU.ActiveCfg = Release|Any CPU
		{281E13CF-8A3E-459B-B430-A8FF35C30871}.Release|Any CPU.Build.0 = Release|Any CPU
		{53231AEE-BEF3-443A-A9D1-FEDF5D3FE563}.Debug|Any CPU.ActiveCfg = Debug|Any CPU
		{53231AEE-BEF3-443A-A9D1-FEDF5D3FE563}.Debug|Any CPU.Build.0 = Debug|Any CPU
		{53231AEE-BEF3-443A-A9D1-FEDF5D3FE563}.Release|Any CPU.ActiveCfg = Release|Any CPU
		{53231AEE-BEF3-443A-A9D1-FEDF5D3FE563}.Release|Any CPU.Build.0 = Release|Any CPU
		{87149EE2-3500-490A-8027-DBEF6CD09829}.Debug|Any CPU.ActiveCfg = Debug|Any CPU
		{87149EE2-3500-490A-8027-DBEF6CD09829}.Debug|Any CPU.Build.0 = Debug|Any CPU
		{87149EE2-3500-490A-8027-DBEF6CD09829}.Release|Any CPU.ActiveCfg = Release|Any CPU
		{87149EE2-3500-490A-8027-DBEF6CD09829}.Release|Any CPU.Build.0 = Release|Any CPU
		{DC303309-2EA5-44DA-AAD3-B7F5B92458E5}.Debug|Any CPU.ActiveCfg = Debug|Any CPU
		{DC303309-2EA5-44DA-AAD3-B7F5B92458E5}.Debug|Any CPU.Build.0 = Debug|Any CPU
		{DC303309-2EA5-44DA-AAD3-B7F5B92458E5}.Release|Any CPU.ActiveCfg = Release|Any CPU
		{DC303309-2EA5-44DA-AAD3-B7F5B92458E5}.Release|Any CPU.Build.0 = Release|Any CPU
		{A6380D91-3FB7-4DE7-965C-47EE5E98D0C3}.Debug|Any CPU.ActiveCfg = Debug|Any CPU
		{A6380D91-3FB7-4DE7-965C-47EE5E98D0C3}.Debug|Any CPU.Build.0 = Debug|Any CPU
		{A6380D91-3FB7-4DE7-965C-47EE5E98D0C3}.Release|Any CPU.ActiveCfg = Release|Any CPU
		{A6380D91-3FB7-4DE7-965C-47EE5E98D0C3}.Release|Any CPU.Build.0 = Release|Any CPU
		{57EFA6C6-AAAA-4481-887F-85CCACC92A97}.Debug|Any CPU.ActiveCfg = Debug|Any CPU
		{57EFA6C6-AAAA-4481-887F-85CCACC92A97}.Debug|Any CPU.Build.0 = Debug|Any CPU
		{57EFA6C6-AAAA-4481-887F-85CCACC92A97}.Release|Any CPU.ActiveCfg = Release|Any CPU
		{57EFA6C6-AAAA-4481-887F-85CCACC92A97}.Release|Any CPU.Build.0 = Release|Any CPU
		{747E42F4-F1FB-4B80-92B1-01405FC2E06F}.Debug|Any CPU.ActiveCfg = Debug|Any CPU
		{747E42F4-F1FB-4B80-92B1-01405FC2E06F}.Debug|Any CPU.Build.0 = Debug|Any CPU
		{747E42F4-F1FB-4B80-92B1-01405FC2E06F}.Release|Any CPU.ActiveCfg = Release|Any CPU
		{747E42F4-F1FB-4B80-92B1-01405FC2E06F}.Release|Any CPU.Build.0 = Release|Any CPU
		{1941BB06-8B59-48EB-AC03-CA976BCF74AB}.Debug|Any CPU.ActiveCfg = Debug|Any CPU
		{1941BB06-8B59-48EB-AC03-CA976BCF74AB}.Debug|Any CPU.Build.0 = Debug|Any CPU
		{1941BB06-8B59-48EB-AC03-CA976BCF74AB}.Release|Any CPU.ActiveCfg = Release|Any CPU
		{1941BB06-8B59-48EB-AC03-CA976BCF74AB}.Release|Any CPU.Build.0 = Release|Any CPU
	EndGlobalSection
	GlobalSection(SolutionProperties) = preSolution
		HideSolutionNode = FALSE
	EndGlobalSection
	GlobalSection(NestedProjects) = preSolution
		{EF6E5B42-3841-4D20-96DC-27EDE9315081} = {6865A491-60E5-49D9-B1D1-75CFECDBE5C7}
		{A6179EDA-7426-4C07-AC74-5B1D9C594FCF} = {6865A491-60E5-49D9-B1D1-75CFECDBE5C7}
		{0B5310D6-73D8-43C4-A3FB-B51034B8D506} = {6865A491-60E5-49D9-B1D1-75CFECDBE5C7}
		{0488758D-1032-4759-9946-976D1770D21C} = {6865A491-60E5-49D9-B1D1-75CFECDBE5C7}
		{9498766F-1AFF-4C58-A1B3-5D8B0942954D} = {6865A491-60E5-49D9-B1D1-75CFECDBE5C7}
		{AD7632F5-826C-4EAB-AA13-49087FFFA694} = {1B5C045C-6767-4706-86C2-6DDAF7ADFCB0}
		{9E0A2ACE-2A64-40DE-96C0-B6F94B893735} = {1B5C045C-6767-4706-86C2-6DDAF7ADFCB0}
		{48125151-1934-41B0-97C7-1D2163FC2C60} = {1B5C045C-6767-4706-86C2-6DDAF7ADFCB0}
		{6B99D4D0-2DC7-40EA-B494-BFC25E1BBA03} = {1B5C045C-6767-4706-86C2-6DDAF7ADFCB0}
		{7254CF39-6662-4E6A-BC7C-A1E19F68F01F} = {1B5C045C-6767-4706-86C2-6DDAF7ADFCB0}
		{D516CE28-921E-4600-B084-535C64A579D9} = {1B5C045C-6767-4706-86C2-6DDAF7ADFCB0}
		{FE362BC1-805A-48FC-8344-E0EA15E622DB} = {1B5C045C-6767-4706-86C2-6DDAF7ADFCB0}
		{CDDFB72B-DDEE-4DF2-B050-4744E7919304} = {1B5C045C-6767-4706-86C2-6DDAF7ADFCB0}
		{2864F5EC-3CE2-4A57-BE28-C33F862C710E} = {6865A491-60E5-49D9-B1D1-75CFECDBE5C7}
		{281E13CF-8A3E-459B-B430-A8FF35C30871} = {9E6CF953-A3CE-4BD3-8902-48F830C20AA3}
		{53231AEE-BEF3-443A-A9D1-FEDF5D3FE563} = {9E6CF953-A3CE-4BD3-8902-48F830C20AA3}
		{87149EE2-3500-490A-8027-DBEF6CD09829} = {9E6CF953-A3CE-4BD3-8902-48F830C20AA3}
		{DC303309-2EA5-44DA-AAD3-B7F5B92458E5} = {9E6CF953-A3CE-4BD3-8902-48F830C20AA3}
		{A6380D91-3FB7-4DE7-965C-47EE5E98D0C3} = {9E6CF953-A3CE-4BD3-8902-48F830C20AA3}
		{57EFA6C6-AAAA-4481-887F-85CCACC92A97} = {9E6CF953-A3CE-4BD3-8902-48F830C20AA3}
		{747E42F4-F1FB-4B80-92B1-01405FC2E06F} = {9E6CF953-A3CE-4BD3-8902-48F830C20AA3}
		{1941BB06-8B59-48EB-AC03-CA976BCF74AB} = {9E6CF953-A3CE-4BD3-8902-48F830C20AA3}
	EndGlobalSection
	GlobalSection(ExtensibilityGlobals) = postSolution
		SolutionGuid = {4E11D2FC-33E6-4895-9FE8-A2437C9A9FF1}
	EndGlobalSection
EndGlobal
